// !$*UTF8*$!
{
	archiveVersion = 1;
	classes = {
	};
	objectVersion = 50;
	objects = {

/* Begin PBXBuildFile section */
		877E1084239901C500C6CBE1 /* AppDelegate.swift in Sources */ = {isa = PBXBuildFile; fileRef = 877E1083239901C500C6CBE1 /* AppDelegate.swift */; };
		877E1086239901C500C6CBE1 /* SceneDelegate.swift in Sources */ = {isa = PBXBuildFile; fileRef = 877E1085239901C500C6CBE1 /* SceneDelegate.swift */; };
		877E1088239901C500C6CBE1 /* ViewController.swift in Sources */ = {isa = PBXBuildFile; fileRef = 877E1087239901C500C6CBE1 /* ViewController.swift */; };
		877E108B239901C500C6CBE1 /* Main.storyboard in Resources */ = {isa = PBXBuildFile; fileRef = 877E1089239901C500C6CBE1 /* Main.storyboard */; };
		877E108E239901C500C6CBE1 /* CTRevision02.xcdatamodeld in Sources */ = {isa = PBXBuildFile; fileRef = 877E108C239901C500C6CBE1 /* CTRevision02.xcdatamodeld */; };
		877E1090239901C700C6CBE1 /* Assets.xcassets in Resources */ = {isa = PBXBuildFile; fileRef = 877E108F239901C700C6CBE1 /* Assets.xcassets */; };
		877E1093239901C700C6CBE1 /* LaunchScreen.storyboard in Resources */ = {isa = PBXBuildFile; fileRef = 877E1091239901C700C6CBE1 /* LaunchScreen.storyboard */; };
		877E109B2399052000C6CBE1 /* RecipeTableviewController.swift in Sources */ = {isa = PBXBuildFile; fileRef = 877E109A2399052000C6CBE1 /* RecipeTableviewController.swift */; };
/* End PBXBuildFile section */

/* Begin PBXFileReference section */
		877E1080239901C500C6CBE1 /* CTRevision02.app */ = {isa = PBXFileReference; explicitFileType = wrapper.application; includeInIndex = 0; path = CTRevision02.app; sourceTree = BUILT_PRODUCTS_DIR; };
		877E1083239901C500C6CBE1 /* AppDelegate.swift */ = {isa = PBXFileReference; lastKnownFileType = sourcecode.swift; path = AppDelegate.swift; sourceTree = "<group>"; };
		877E1085239901C500C6CBE1 /* SceneDelegate.swift */ = {isa = PBXFileReference; lastKnownFileType = sourcecode.swift; path = SceneDelegate.swift; sourceTree = "<group>"; };
		877E1087239901C500C6CBE1 /* ViewController.swift */ = {isa = PBXFileReference; lastKnownFileType = sourcecode.swift; path = ViewController.swift; sourceTree = "<group>"; };
		877E108A239901C500C6CBE1 /* Base */ = {isa = PBXFileReference; lastKnownFileType = file.storyboard; name = Base; path = Base.lproj/Main.storyboard; sourceTree = "<group>"; };
		877E108D239901C500C6CBE1 /* CTRevision02.xcdatamodel */ = {isa = PBXFileReference; lastKnownFileType = wrapper.xcdatamodel; path = CTRevision02.xcdatamodel; sourceTree = "<group>"; };
		877E108F239901C700C6CBE1 /* Assets.xcassets */ = {isa = PBXFileReference; lastKnownFileType = folder.assetcatalog; path = Assets.xcassets; sourceTree = "<group>"; };
		877E1092239901C700C6CBE1 /* Base */ = {isa = PBXFileReference; lastKnownFileType = file.storyboard; name = Base; path = Base.lproj/LaunchScreen.storyboard; sourceTree = "<group>"; };
		877E1094239901C700C6CBE1 /* Info.plist */ = {isa = PBXFileReference; lastKnownFileType = text.plist.xml; path = Info.plist; sourceTree = "<group>"; };
		877E109A2399052000C6CBE1 /* RecipeTableviewController.swift */ = {isa = PBXFileReference; lastKnownFileType = sourcecode.swift; path = RecipeTableviewController.swift; sourceTree = "<group>"; };
/* End PBXFileReference section */

/* Begin PBXFrameworksBuildPhase section */
		877E107D239901C500C6CBE1 /* Frameworks */ = {
			isa = PBXFrameworksBuildPhase;
			buildActionMask = 2147483647;
			files = (
			);
			runOnlyForDeploymentPostprocessing = 0;
		};
/* End PBXFrameworksBuildPhase section */

/* Begin PBXGroup section */
		877E1077239901C500C6CBE1 = {
			isa = PBXGroup;
			children = (
				877E1082239901C500C6CBE1 /* CTRevision02 */,
				877E1081239901C500C6CBE1 /* Products */,
			);
			sourceTree = "<group>";
		};
		877E1081239901C500C6CBE1 /* Products */ = {
			isa = PBXGroup;
			children = (
				877E1080239901C500C6CBE1 /* CTRevision02.app */,
			);
			name = Products;
			sourceTree = "<group>";
		};
		877E1082239901C500C6CBE1 /* CTRevision02 */ = {
			isa = PBXGroup;
			children = (
				877E1083239901C500C6CBE1 /* AppDelegate.swift */,
				877E1085239901C500C6CBE1 /* SceneDelegate.swift */,
				877E1087239901C500C6CBE1 /* ViewController.swift */,
				877E1089239901C500C6CBE1 /* Main.storyboard */,
				877E109A2399052000C6CBE1 /* RecipeTableviewController.swift */,
				877E108F239901C700C6CBE1 /* Assets.xcassets */,
				877E1091239901C700C6CBE1 /* LaunchScreen.storyboard */,
				877E1094239901C700C6CBE1 /* Info.plist */,
				877E108C239901C500C6CBE1 /* CTRevision02.xcdatamodeld */,
			);
			path = CTRevision02;
			sourceTree = "<group>";
		};
/* End PBXGroup section */

/* Begin PBXNativeTarget section */
		877E107F239901C500C6CBE1 /* CTRevision02 */ = {
			isa = PBXNativeTarget;
			buildConfigurationList = 877E1097239901C700C6CBE1 /* Build configuration list for PBXNativeTarget "CTRevision02" */;
			buildPhases = (
				877E107C239901C500C6CBE1 /* Sources */,
				877E107D239901C500C6CBE1 /* Frameworks */,
				877E107E239901C500C6CBE1 /* Resources */,
			);
			buildRules = (
			);
			dependencies = (
			);
			name = CTRevision02;
			productName = CTRevision02;
			productReference = 877E1080239901C500C6CBE1 /* CTRevision02.app */;
			productType = "com.apple.product-type.application";
		};
/* End PBXNativeTarget section */

/* Begin PBXProject section */
		877E1078239901C500C6CBE1 /* Project object */ = {
			isa = PBXProject;
			attributes = {
				LastSwiftUpdateCheck = 1100;
				LastUpgradeCheck = 1100;
				ORGANIZATIONNAME = MAD2_P02;
				TargetAttributes = {
					877E107F239901C500C6CBE1 = {
						CreatedOnToolsVersion = 11.0;
					};
				};
			};
			buildConfigurationList = 877E107B239901C500C6CBE1 /* Build configuration list for PBXProject "CTRevision02" */;
			compatibilityVersion = "Xcode 9.3";
			developmentRegion = en;
			hasScannedForEncodings = 0;
			knownRegions = (
				en,
				Base,
			);
			mainGroup = 877E1077239901C500C6CBE1;
			productRefGroup = 877E1081239901C500C6CBE1 /* Products */;
			projectDirPath = "";
			projectRoot = "";
			targets = (
				877E107F239901C500C6CBE1 /* CTRevision02 */,
			);
		};
/* End PBXProject section */

/* Begin PBXResourcesBuildPhase section */
		877E107E239901C500C6CBE1 /* Resources */ = {
			isa = PBXResourcesBuildPhase;
			buildActionMask = 2147483647;
			files = (
				877E1093239901C700C6CBE1 /* LaunchScreen.storyboard in Resources */,
				877E1090239901C700C6CBE1 /* Assets.xcassets in Resources */,
				877E108B239901C500C6CBE1 /* Main.storyboard in Resources */,
			);
			runOnlyForDeploymentPostprocessing = 0;
		};
/* End PBXResourcesBuildPhase section */

/* Begin PBXSourcesBuildPhase section */
		877E107C239901C500C6CBE1 /* Sources */ = {
			isa = PBXSourcesBuildPhase;
			buildActionMask = 2147483647;
			files = (
				877E109B2399052000C6CBE1 /* RecipeTableviewController.swift in Sources */,
				877E1088239901C500C6CBE1 /* ViewController.swift in Sources */,
				877E108E239901C500C6CBE1 /* CTRevision02.xcdatamodeld in Sources */,
				877E1084239901C500C6CBE1 /* AppDelegate.swift in Sources */,
				877E1086239901C500C6CBE1 /* SceneDelegate.swift in Sources */,
			);
			runOnlyForDeploymentPostprocessing = 0;
		};
/* End PBXSourcesBuildPhase section */

/* Begin PBXVariantGroup section */
		877E1089239901C500C6CBE1 /* Main.storyboard */ = {
			isa = PBXVariantGroup;
			children = (
				877E108A239901C500C6CBE1 /* Base */,
			);
			name = Main.storyboard;
			sourceTree = "<group>";
		};
		877E1091239901C700C6CBE1 /* LaunchScreen.storyboard */ = {
			isa = PBXVariantGroup;
			children = (
				877E1092239901C700C6CBE1 /* Base */,
			);
			name = LaunchScreen.storyboard;
			sourceTree = "<group>";
		};
/* End PBXVariantGroup section */

/* Begin XCBuildConfiguration section */
		877E1095239901C700C6CBE1 /* Debug */ = {
			isa = XCBuildConfiguration;
			buildSettings = {
				ALWAYS_SEARCH_USER_PATHS = NO;
				CLANG_ANALYZER_NONNULL = YES;
				CLANG_ANALYZER_NUMBER_OBJECT_CONVERSION = YES_AGGRESSIVE;
				CLANG_CXX_LANGUAGE_STANDARD = "gnu++14";
				CLANG_CXX_LIBRARY = "libc++";
				CLANG_ENABLE_MODULES = YES;
				CLANG_ENABLE_OBJC_ARC = YES;
				CLANG_ENABLE_OBJC_WEAK = YES;
				CLANG_WARN_BLOCK_CAPTURE_AUTORELEASING = YES;
				CLANG_WARN_BOOL_CONVERSION = YES;
				CLANG_WARN_COMMA = YES;
				CLANG_WARN_CONSTANT_CONVERSION = YES;
				CLANG_WARN_DEPRECATED_OBJC_IMPLEMENTATIONS = YES;
				CLANG_WARN_DIRECT_OBJC_ISA_USAGE = YES_ERROR;
				CLANG_WARN_DOCUMENTATION_COMMENTS = YES;
				CLANG_WARN_EMPTY_BODY = YES;
				CLANG_WARN_ENUM_CONVERSION = YES;
				CLANG_WARN_INFINITE_RECURSION = YES;
				CLANG_WARN_INT_CONVERSION = YES;
				CLANG_WARN_NON_LITERAL_NULL_CONVERSION = YES;
				CLANG_WARN_OBJC_IMPLICIT_RETAIN_SELF = YES;
				CLANG_WARN_OBJC_LITERAL_CONVERSION = YES;
				CLANG_WARN_OBJC_ROOT_CLASS = YES_ERROR;
				CLANG_WARN_RANGE_LOOP_ANALYSIS = YES;
				CLANG_WARN_STRICT_PROTOTYPES = YES;
				CLANG_WARN_SUSPICIOUS_MOVE = YES;
				CLANG_WARN_UNGUARDED_AVAILABILITY = YES_AGGRESSIVE;
				CLANG_WARN_UNREACHABLE_CODE = YES;
				CLANG_WARN__DUPLICATE_METHOD_MATCH = YES;
				COPY_PHASE_STRIP = NO;
				DEBUG_INFORMATION_FORMAT = dwarf;
				ENABLE_STRICT_OBJC_MSGSEND = YES;
				ENABLE_TESTABILITY = YES;
				GCC_C_LANGUAGE_STANDARD = gnu11;
				GCC_DYNAMIC_NO_PIC = NO;
				GCC_NO_COMMON_BLOCKS = YES;
				GCC_OPTIMIZATION_LEVEL = 0;
				GCC_PREPROCESSOR_DEFINITIONS = (
					"DEBUG=1",
					"$(inherited)",
				);
				GCC_WARN_64_TO_32_BIT_CONVERSION = YES;
				GCC_WARN_ABOUT_RETURN_TYPE = YES_ERROR;
				GCC_WARN_UNDECLARED_SELECTOR = YES;
				GCC_WARN_UNINITIALIZED_AUTOS = YES_AGGRESSIVE;
				GCC_WARN_UNUSED_FUNCTION = YES;
				GCC_WARN_UNUSED_VARIABLE = YES;
				IPHONEOS_DEPLOYMENT_TARGET = 13.0;
				MTL_ENABLE_DEBUG_INFO = INCLUDE_SOURCE;
				MTL_FAST_MATH = YES;
				ONLY_ACTIVE_ARCH = YES;
				SDKROOT = iphoneos;
				SWIFT_ACTIVE_COMPILATION_CONDITIONS = DEBUG;
				SWIFT_OPTIMIZATION_LEVEL = "-Onone";
			};
			name = Debug;
		};
		877E1096239901C700C6CBE1 /* Release */ = {
			isa = XCBuildConfiguration;
			buildSettings = {
				ALWAYS_SEARCH_USER_PATHS = NO;
				CLANG_ANALYZER_NONNULL = YES;
				CLANG_ANALYZER_NUMBER_OBJECT_CONVERSION = YES_AGGRESSIVE;
				CLANG_CXX_LANGUAGE_STANDARD = "gnu++14";
				CLANG_CXX_LIBRARY = "libc++";
				CLANG_ENABLE_MODULES = YES;
				CLANG_ENABLE_OBJC_ARC = YES;
				CLANG_ENABLE_OBJC_WEAK = YES;
				CLANG_WARN_BLOCK_CAPTURE_AUTORELEASING = YES;
				CLANG_WARN_BOOL_CONVERSION = YES;
				CLANG_WARN_COMMA = YES;
				CLANG_WARN_CONSTANT_CONVERSION = YES;
				CLANG_WARN_DEPRECATED_OBJC_IMPLEMENTATIONS = YES;
				CLANG_WARN_DIRECT_OBJC_ISA_USAGE = YES_ERROR;
				CLANG_WARN_DOCUMENTATION_COMMENTS = YES;
				CLANG_WARN_EMPTY_BODY = YES;
				CLANG_WARN_ENUM_CONVERSION = YES;
				CLANG_WARN_INFINITE_RECURSION = YES;
				CLANG_WARN_INT_CONVERSION = YES;
				CLANG_WARN_NON_LITERAL_NULL_CONVERSION = YES;
				CLANG_WARN_OBJC_IMPLICIT_RETAIN_SELF = YES;
				CLANG_WARN_OBJC_LITERAL_CONVERSION = YES;
				CLANG_WARN_OBJC_ROOT_CLASS = YES_ERROR;
				CLANG_WARN_RANGE_LOOP_ANALYSIS = YES;
				CLANG_WARN_STRICT_PROTOTYPES = YES;
				CLANG_WARN_SUSPICIOUS_MOVE = YES;
				CLANG_WARN_UNGUARDED_AVAILABILITY = YES_AGGRESSIVE;
				CLANG_WARN_UNREACHABLE_CODE = YES;
				CLANG_WARN__DUPLICATE_METHOD_MATCH = YES;
				COPY_PHASE_STRIP = NO;
				DEBUG_INFORMATION_FORMAT = "dwarf-with-dsym";
				ENABLE_NS_ASSERTIONS = NO;
				ENABLE_STRICT_OBJC_MSGSEND = YES;
				GCC_C_LANGUAGE_STANDARD = gnu11;
				GCC_NO_COMMON_BLOCKS = YES;
				GCC_WARN_64_TO_32_BIT_CONVERSION = YES;
				GCC_WARN_ABOUT_RETURN_TYPE = YES_ERROR;
				GCC_WARN_UNDECLARED_SELECTOR = YES;
				GCC_WARN_UNINITIALIZED_AUTOS = YES_AGGRESSIVE;
				GCC_WARN_UNUSED_FUNCTION = YES;
				GCC_WARN_UNUSED_VARIABLE = YES;
				IPHONEOS_DEPLOYMENT_TARGET = 13.0;
				MTL_ENABLE_DEBUG_INFO = NO;
				MTL_FAST_MATH = YES;
				SDKROOT = iphoneos;
				SWIFT_COMPILATION_MODE = wholemodule;
				SWIFT_OPTIMIZATION_LEVEL = "-O";
				VALIDATE_PRODUCT = YES;
			};
			name = Release;
		};
		877E1098239901C700C6CBE1 /* Debug */ = {
			isa = XCBuildConfiguration;
			buildSettings = {
				ASSETCATALOG_COMPILER_APPICON_NAME = AppIcon;
				CODE_SIGN_STYLE = Automatic;
				INFOPLIST_FILE = CTRevision02/Info.plist;
				LD_RUNPATH_SEARCH_PATHS = (
					"$(inherited)",
					"@executable_path/Frameworks",
				);
				PRODUCT_BUNDLE_IDENTIFIER = ngeeann.CTRevision02;
				PRODUCT_NAME = "$(TARGET_NAME)";
				SWIFT_VERSION = 5.0;
				TARGETED_DEVICE_FAMILY = "1,2";
			};
			name = Debug;
		};
		877E1099239901C700C6CBE1 /* Release */ = {
			isa = XCBuildConfiguration;
			buildSettings = {
				ASSETCATALOG_COMPILER_APPICON_NAME = AppIcon;
				CODE_SIGN_STYLE = Automatic;
				INFOPLIST_FILE = CTRevision02/Info.plist;
				LD_RUNPATH_SEARCH_PATHS = (
					"$(inherited)",
					"@executable_path/Frameworks",
				);
				PRODUCT_BUNDLE_IDENTIFIER = ngeeann.CTRevision02;
				PRODUCT_NAME = "$(TARGET_NAME)";
				SWIFT_VERSION = 5.0;
				TARGETED_DEVICE_FAMILY = "1,2";
			};
			name = Release;
		};
/* End XCBuildConfiguration section */

/* Begin XCConfigurationList section */
		877E107B239901C500C6CBE1 /* Build configuration list for PBXProject "CTRevision02" */ = {
			isa = XCConfigurationList;
			buildConfigurations = (
				877E1095239901C700C6CBE1 /* Debug */,
				877E1096239901C700C6CBE1 /* Release */,
			);
			defaultConfigurationIsVisible = 0;
			defaultConfigurationName = Release;
		};
		877E1097239901C700C6CBE1 /* Build configuration list for PBXNativeTarget "CTRevision02" */ = {
			isa = XCConfigurationList;
			buildConfigurations = (
				877E1098239901C700C6CBE1 /* Debug */,
				877E1099239901C700C6CBE1 /* Release */,
			);
			defaultConfigurationIsVisible = 0;
			defaultConfigurationName = Release;
		};
/* End XCConfigurationList section */

/* Begin XCVersionGroup section */
		877E108C239901C500C6CBE1 /* CTRevision02.xcdatamodeld */ = {
			isa = XCVersionGroup;
			children = (
				877E108D239901C500C6CBE1 /* CTRevision02.xcdatamodel */,
			);
			currentVersion = 877E108D239901C500C6CBE1 /* CTRevision02.xcdatamodel */;
			path = CTRevision02.xcdatamodeld;
			sourceTree = "<group>";
			versionGroupType = wrapper.xcdatamodel;
		};
/* End XCVersionGroup section */
	};
	rootObject = 877E1078239901C500C6CBE1 /* Project object */;
}
